
Microsoft Visual Studio Solution File, Format Version 12.00
# Visual Studio Version 17
VisualStudioVersion = 17.7.33711.374
MinimumVisualStudioVersion = 10.0.40219.1
Project("{FAE04EC0-301F-11D3-BF4B-00C04F79EFBC}") = "ConsoleAppPrimaryConstructorClass", "ConsoleAppPrimaryConstructorClass.csproj", "{21974C5F-1CF9-4A96-ADB3-DA4AD6A51D78}"
EndProject
Global
	GlobalSection(SolutionConfigurationPlatforms) = preSolution
		Debug|Any CPU = Debug|Any CPU
		Release|Any CPU = Release|Any CPU
	EndGlobalSection
	GlobalSection(ProjectConfigurationPlatforms) = postSolution
		{21974C5F-1CF9-4A96-ADB3-DA4AD6A51D78}.Debug|Any CPU.ActiveCfg = Debug|Any CPU
		{21974C5F-1CF9-4A96-ADB3-DA4AD6A51D78}.Debug|Any CPU.Build.0 = Debug|Any CPU
		{21974C5F-1CF9-4A96-ADB3-DA4AD6A51D78}.Release|Any CPU.ActiveCfg = Release|Any CPU
		{21974C5F-1CF9-4A96-ADB3-DA4AD6A51D78}.Release|Any CPU.Build.0 = Release|Any CPU
	EndGlobalSection
	GlobalSection(SolutionProperties) = preSolution
		HideSolutionNode = FALSE
	EndGlobalSection
	GlobalSection(ExtensibilityGlobals) = postSolution
		SolutionGuid = {10F24A57-E2DC-4930-8504-B04B7261D9F3}
	EndGlobalSection
EndGlobal
